
Microsoft Visual Studio Solution File, Format Version 12.00
# Visual Studio Version 17
VisualStudioVersion = 17.11.35222.181
MinimumVisualStudioVersion = 10.0.40219.1
Project("{FAE04EC0-301F-11D3-BF4B-00C04F79EFBC}") = "gym", "gym\gym.csproj", "{7FED96CD-1988-44A6-B28B-AC0B462F35F7}"
EndProject
Global
	GlobalSection(SolutionConfigurationPlatforms) = preSolution
		Debug|Any CPU = Debug|Any CPU
		Release|Any CPU = Release|Any CPU
	EndGlobalSection
	GlobalSection(ProjectConfigurationPlatforms) = postSolution
		{7FED96CD-1988-44A6-B28B-AC0B462F35F7}.Debug|Any CPU.ActiveCfg = Debug|Any CPU
		{7FED96CD-1988-44A6-B28B-AC0B462F35F7}.Debug|Any CPU.Build.0 = Debug|Any CPU
		{7FED96CD-1988-44A6-B28B-AC0B462F35F7}.Release|Any CPU.ActiveCfg = Release|Any CPU
		{7FED96CD-1988-44A6-B28B-AC0B462F35F7}.Release|Any CPU.Build.0 = Release|Any CPU
	EndGlobalSection
	GlobalSection(SolutionProperties) = preSolution
		HideSolutionNode = FALSE
	EndGlobalSection
	GlobalSection(ExtensibilityGlobals) = postSolution
		SolutionGuid = {F9E3CFE2-FAEB-474F-86DA-FF07F439E849}
	EndGlobalSection
EndGlobal
